<?xml version="1.0" encoding="utf-8"?>
<Project ToolsVersion="4.0" xmlns="http://schemas.microsoft.com/developer/msbuild/2003">
  <ItemGroup>
    <ClCompile Include="app\src\main\jni\main.c" />
    <ClCompile Include="app\src\main\jni\android_native_app_glue.c" />
    <ClCompile Include="app\src\main\jni\upng.c" />
    <ClCompile Include="app\src\main\jni\audio.c" />
    <ClCompile Include="app\src\main\jni\init.c" />
    <ClCompile Include="app\src\main\jni\shaders.c" />
    <ClCompile Include="app\src\main\jni\texture.c" />
    <ClCompile Include="app\src\main\jni\utils.c" />
    <ClCompile Include="app\src\main\jni\mouse.c" />
    <ClCompile Include="app\src\main\jni\game.c" />
  </ItemGroup>
  <ItemGroup>
    <None Include="app\src\main\jni\Application.mk" />
    <None Include="app\src\main\jni\Android.mk" />
  </ItemGroup>
  <ItemGroup>
    <ClInclude Include="app\src\main\jni\android_native_app_glue.h" />
    <ClInclude Include="app\src\main\jni\upng.h" />
    <ClInclude Include="app\src\main\jni\audio.h" />
    <ClInclude Include="app\src\main\jni\init.h" />
    <ClInclude Include="app\src\main\jni\shaders.h" />
    <ClInclude Include="app\src\main\jni\texture.h" />
    <ClInclude Include="app\src\main\jni\utils.h" />
    <ClInclude Include="app\src\main\jni\mouse.h" />
    <ClInclude Include="app\src\main\jni\game.h" />
  </ItemGroup>
</Project>